<?xml version="1.0" encoding="utf-8"?>
<Project ToolsVersion="4.0" xmlns="http://schemas.microsoft.com/developer/msbuild/2003">
  <ItemGroup>
    <Filter Include="Source Files">
      <UniqueIdentifier>{4FC737F1-C7A5-4376-A066-2A32D752A2FF}</UniqueIdentifier>
      <Extensions>cpp;c;cc;cxx;c++;cppm;ixx;def;odl;idl;hpj;bat;asm;asmx</Extensions>
    </Filter>
    <Filter Include="Header Files">
      <UniqueIdentifier>{93995380-89BD-4b04-88EB-625FBE52EBFB}</UniqueIdentifier>
      <Extensions>h;hh;hpp;hxx;h++;hm;inl;inc;ipp;xsd</Extensions>
    </Filter>
    <Filter Include="Resource Files">
      <UniqueIdentifier>{67DA6AB6-F800-4c08-8B7A-83BB121AAD01}</UniqueIdentifier>
      <Extensions>rc;ico;cur;bmp;dlg;rc2;rct;bin;rgs;gif;jpg;jpeg;jpe;resx;tiff;tif;png;wav;mfcribbon-ms</Extensions>
    </Filter>
    <Filter Include="Header Files\Tools">
      <UniqueIdentifier>{d7d4a564-b981-4b3f-880d-d09d7c7fb0b1}</UniqueIdentifier>
    </Filter>
    <Filter Include="Source Files\Tools">
      <UniqueIdentifier>{d3195b21-be35-4ba2-9c68-d82642c8070e}</UniqueIdentifier>
    </Filter>
    <Filter Include="Header Files\Types">
      <UniqueIdentifier>{fdbdaa97-aa1b-4b2d-9a21-5e203db90049}</UniqueIdentifier>
    </Filter>
    <Filter Include="Header Files\Engine">
      <UniqueIdentifier>{0fd3da44-8c93-456f-80c2-56868b99adbf}</UniqueIdentifier>
    </Filter>
    <Filter Include="Header Files\Engine\States">
      <UniqueIdentifier>{1fb24cb8-e768-4039-979a-0ce34f184c75}</UniqueIdentifier>
    </Filter>
    <Filter Include="Source Files\Engine">
      <UniqueIdentifier>{6f7ea3ac-63a7-446d-9027-50b7c9067bef}</UniqueIdentifier>
    </Filter>
    <Filter Include="Header Files\ImGui">
      <UniqueIdentifier>{ca21b02b-7e52-4152-845b-16c095975eee}</UniqueIdentifier>
    </Filter>
    <Filter Include="Source Files\ImGui">
      <UniqueIdentifier>{1110a05a-a2b4-4c4a-872c-7ddd629efd11}</UniqueIdentifier>
    </Filter>
    <Filter Include="Header Files\Engine\Graphics">
      <UniqueIdentifier>{d66c5e2b-25de-4fe9-a4f6-c9a21caec5aa}</UniqueIdentifier>
    </Filter>
    <Filter Include="Source Files\Engine\Graphics">
      <UniqueIdentifier>{0c3f4662-2ed9-4d07-8731-0d6ea925f83f}</UniqueIdentifier>
    </Filter>
    <Filter Include="Header Files\Game">
      <UniqueIdentifier>{1184dd32-f21e-4c78-a0c5-b046406444e7}</UniqueIdentifier>
    </Filter>
    <Filter Include="Source Files\Game">
      <UniqueIdentifier>{29e42f3d-f1b8-4372-8f27-9ee2d4b668e7}</UniqueIdentifier>
    </Filter>
    <Filter Include="Source Files\Engine\States">
      <UniqueIdentifier>{3f3e7e94-c2de-407c-9502-0864ad4286af}</UniqueIdentifier>
    </Filter>
    <Filter Include="Header Files\Engine\Objects">
      <UniqueIdentifier>{0f64a845-08b1-4590-b261-758a0d083647}</UniqueIdentifier>
    </Filter>
    <Filter Include="Source Files\Engine\Objects">
      <UniqueIdentifier>{8efa3c2c-7d35-499a-8b2b-d0557f39b94c}</UniqueIdentifier>
    </Filter>
    <Filter Include="Header Files\Game\Objects">
      <UniqueIdentifier>{ad61371e-685e-4d9d-a835-da3e3261567f}</UniqueIdentifier>
    </Filter>
    <Filter Include="Source Files\Game\Objects">
      <UniqueIdentifier>{d91a726a-8a06-4b7a-bdb4-142ee815fe56}</UniqueIdentifier>
    </Filter>
    <Filter Include="Source Files\Types">
      <UniqueIdentifier>{69773b09-5d65-4640-9316-1b7487989c5d}</UniqueIdentifier>
    </Filter>
    <Filter Include="Header Files\Game\Match">
      <UniqueIdentifier>{15f904eb-8e04-40f5-bdf8-0ce70e0f3d5d}</UniqueIdentifier>
    </Filter>
    <Filter Include="Source Files\Game\Match">
      <UniqueIdentifier>{f3dd7d48-b9ab-44c0-a277-1eb96d76b49d}</UniqueIdentifier>
    </Filter>
    <Filter Include="Header Files\Engine\Tools">
      <UniqueIdentifier>{03fed150-4ddb-4bda-8590-7001064497bd}</UniqueIdentifier>
    </Filter>
    <Filter Include="Source Files\Engine\Tools">
      <UniqueIdentifier>{0e74abc0-0baa-4f65-a525-12735b7a1cda}</UniqueIdentifier>
    </Filter>
    <Filter Include="Resource Files\Grids">
      <UniqueIdentifier>{22c3d84f-2c13-4d9c-ab36-63288036f72a}</UniqueIdentifier>
    </Filter>
    <Filter Include="Resource Files\Particles">
      <UniqueIdentifier>{15d20560-b305-4cf4-b3c4-fe33da59f24d}</UniqueIdentifier>
    </Filter>
    <Filter Include="Resource Files\Particles\Elements">
      <UniqueIdentifier>{8711cfa0-6681-426b-8035-9fc09204fbbf}</UniqueIdentifier>
    </Filter>
    <Filter Include="Header Files\Game\Effects">
      <UniqueIdentifier>{7aa6fdee-2709-4e8c-aa59-920c06dbcc2d}</UniqueIdentifier>
    </Filter>
    <Filter Include="Source Files\Game\Effects">
      <UniqueIdentifier>{58ed489d-04b1-4338-9815-5cb7af42de65}</UniqueIdentifier>
    </Filter>
  </ItemGroup>
  <ItemGroup>
    <ClCompile Include="Main.cpp">
      <Filter>Source Files</Filter>
    </ClCompile>
    <ClCompile Include="Tools\Random.cpp">
      <Filter>Source Files\Tools</Filter>
    </ClCompile>
    <ClCompile Include="Engine\StateMachine.cpp">
      <Filter>Source Files\Engine</Filter>
    </ClCompile>
    <ClCompile Include="Engine\Assets.cpp">
      <Filter>Source Files\Engine</Filter>
    </ClCompile>
    <ClCompile Include="Tools\Colors.cpp">
      <Filter>Source Files\Tools</Filter>
    </ClCompile>
    <ClCompile Include="Tools\Math.cpp">
      <Filter>Source Files\Tools</Filter>
    </ClCompile>
    <ClCompile Include="Includes\imgui\imgui.cpp">
      <Filter>Source Files\ImGui</Filter>
    </ClCompile>
    <ClCompile Include="Includes\imgui\imgui_draw.cpp">
      <Filter>Source Files\ImGui</Filter>
    </ClCompile>
    <ClCompile Include="Includes\imgui\imgui_tables.cpp">
      <Filter>Source Files\ImGui</Filter>
    </ClCompile>
    <ClCompile Include="Includes\imgui\imgui_widgets.cpp">
      <Filter>Source Files\ImGui</Filter>
    </ClCompile>
    <ClCompile Include="Includes\imgui\imgui-SFML.cpp">
      <Filter>Source Files\ImGui</Filter>
    </ClCompile>
    <ClCompile Include="Engine\Graphics\Particle.cpp">
      <Filter>Source Files\Engine\Graphics</Filter>
    </ClCompile>
    <ClCompile Include="Engine\Graphics\ParticleEmitter.cpp">
      <Filter>Source Files\Engine\Graphics</Filter>
    </ClCompile>
    <ClCompile Include="Game\Game.cpp">
      <Filter>Source Files\Game</Filter>
    </ClCompile>
    <ClCompile Include="Engine\States\ParticleEditorState.cpp">
      <Filter>Source Files\Engine\States</Filter>
    </ClCompile>
    <ClCompile Include="Engine\InputHandler.cpp">
      <Filter>Source Files\Engine</Filter>
    </ClCompile>
    <ClCompile Include="Engine\Objects\GameObject.cpp">
      <Filter>Source Files\Engine\Objects</Filter>
    </ClCompile>
    <ClCompile Include="Engine\Objects\GameObjectHandler.cpp">
      <Filter>Source Files\Engine\Objects</Filter>
    </ClCompile>
    <ClCompile Include="Tools\String.cpp">
      <Filter>Source Files\Tools</Filter>
    </ClCompile>
    <ClCompile Include="Tools\Transform.cpp">
      <Filter>Source Files\Tools</Filter>
    </ClCompile>
    <ClCompile Include="Engine\States\GameState.cpp">
      <Filter>Source Files\Engine\States</Filter>
    </ClCompile>
    <ClCompile Include="Tools\Texture.cpp">
      <Filter>Source Files\Tools</Filter>
    </ClCompile>
    <ClCompile Include="Game\Objects\MatchGrid.cpp">
      <Filter>Source Files\Game\Objects</Filter>
    </ClCompile>
    <ClCompile Include="Types\Direction.cpp">
      <Filter>Source Files\Types</Filter>
    </ClCompile>
    <ClCompile Include="Game\Objects\MatchElement.cpp">
      <Filter>Source Files\Game\Objects</Filter>
    </ClCompile>
    <ClCompile Include="Game\Match\Element.cpp">
      <Filter>Source Files\Game\Match</Filter>
    </ClCompile>
    <ClCompile Include="Game\Match\MatchFinder.cpp">
      <Filter>Source Files\Game\Match</Filter>
    </ClCompile>
    <ClCompile Include="Engine\Tools\Timer.cpp">
      <Filter>Source Files\Engine\Tools</Filter>
    </ClCompile>
    <ClCompile Include="Game\Objects\MatchGridBackGround.cpp">
      <Filter>Source Files\Game\Objects</Filter>
    </ClCompile>
    <ClCompile Include="Engine\Graphics\AnimatedSprite.cpp">
      <Filter>Source Files\Engine\Graphics</Filter>
    </ClCompile>
    <ClCompile Include="Game\Objects\MatchHint.cpp">
      <Filter>Source Files\Game\Objects</Filter>
    </ClCompile>
    <ClCompile Include="Game\Effects\ObjectShaker.cpp">
      <Filter>Source Files\Game\Effects</Filter>
    </ClCompile>
    <ClCompile Include="Tools\Easing.cpp">
      <Filter>Source Files\Tools</Filter>
    </ClCompile>
  </ItemGroup>
  <ItemGroup>
    <ClInclude Include="Tools\Random.h">
      <Filter>Header Files\Tools</Filter>
    </ClInclude>
    <ClInclude Include="Types\Vector2.h">
      <Filter>Header Files\Types</Filter>
    </ClInclude>
    <ClInclude Include="Types\Vector2i.h">
      <Filter>Header Files\Types</Filter>
    </ClInclude>
    <ClInclude Include="Engine\StateMachine.h">
      <Filter>Header Files\Engine</Filter>
    </ClInclude>
    <ClInclude Include="Engine\States\State.h">
      <Filter>Header Files\Engine\States</Filter>
    </ClInclude>
    <ClInclude Include="Tools\Event.h">
      <Filter>Header Files\Tools</Filter>
    </ClInclude>
    <ClInclude Include="Engine\Assets.h">
      <Filter>Header Files\Engine</Filter>
    </ClInclude>
    <ClInclude Include="Includes\imgui\imconfig.h">
      <Filter>Header Files\ImGui</Filter>
    </ClInclude>
    <ClInclude Include="Includes\imgui\imconfig-SFML.h">
      <Filter>Header Files\ImGui</Filter>
    </ClInclude>
    <ClInclude Include="Includes\imgui\imgui.h">
      <Filter>Header Files\ImGui</Filter>
    </ClInclude>
    <ClInclude Include="Includes\imgui\imgui_internal.h">
      <Filter>Header Files\ImGui</Filter>
    </ClInclude>
    <ClInclude Include="Includes\imgui\imgui-SFML.h">
      <Filter>Header Files\ImGui</Filter>
    </ClInclude>
    <ClInclude Include="Includes\imgui\imgui-SFML_export.h">
      <Filter>Header Files\ImGui</Filter>
    </ClInclude>
    <ClInclude Include="Includes\imgui\imstb_rectpack.h">
      <Filter>Header Files\ImGui</Filter>
    </ClInclude>
    <ClInclude Include="Includes\imgui\imstb_textedit.h">
      <Filter>Header Files\ImGui</Filter>
    </ClInclude>
    <ClInclude Include="Includes\imgui\imstb_truetype.h">
      <Filter>Header Files\ImGui</Filter>
    </ClInclude>
    <ClInclude Include="Tools\Colors.h">
      <Filter>Header Files\Tools</Filter>
    </ClInclude>
    <ClInclude Include="Tools\Math.h">
      <Filter>Header Files\Tools</Filter>
    </ClInclude>
    <ClInclude Include="Engine\Graphics\Particle.h">
      <Filter>Header Files\Engine\Graphics</Filter>
    </ClInclude>
    <ClInclude Include="Types\LerpableValue.h">
      <Filter>Header Files\Types</Filter>
    </ClInclude>
    <ClInclude Include="Engine\Graphics\ParticleEmitter.h">
      <Filter>Header Files\Engine\Graphics</Filter>
    </ClInclude>
    <ClInclude Include="Game\Game.h">
      <Filter>Header Files\Game</Filter>
    </ClInclude>
    <ClInclude Include="Engine\States\ParticleEditorState.h">
      <Filter>Header Files\Engine\States</Filter>
    </ClInclude>
    <ClInclude Include="Engine\InputHandler.h">
      <Filter>Header Files\Engine</Filter>
    </ClInclude>
    <ClInclude Include="Engine\Objects\GameObject.h">
      <Filter>Header Files\Engine\Objects</Filter>
    </ClInclude>
    <ClInclude Include="Engine\Objects\GameObjectHandler.h">
      <Filter>Header Files\Engine\Objects</Filter>
    </ClInclude>
    <ClInclude Include="Tools\String.h">
      <Filter>Header Files\Tools</Filter>
    </ClInclude>
    <ClInclude Include="Tools\Transform.h">
      <Filter>Header Files\Tools</Filter>
    </ClInclude>
    <ClInclude Include="Engine\States\GameState.h">
      <Filter>Header Files\Engine\States</Filter>
    </ClInclude>
    <ClInclude Include="Game\Objects\MatchElement.h">
      <Filter>Header Files\Game\Objects</Filter>
    </ClInclude>
    <ClInclude Include="Tools\Texture.h">
      <Filter>Header Files\Tools</Filter>
    </ClInclude>
    <ClInclude Include="Game\Objects\MatchGrid.h">
      <Filter>Header Files\Game\Objects</Filter>
    </ClInclude>
    <ClInclude Include="Types\Grid.h">
      <Filter>Header Files\Types</Filter>
    </ClInclude>
    <ClInclude Include="Types\EmitterValue.h">
      <Filter>Header Files\Types</Filter>
    </ClInclude>
    <ClInclude Include="Types\Direction.h">
      <Filter>Header Files\Types</Filter>
    </ClInclude>
    <ClInclude Include="Game\Match\Element.h">
      <Filter>Header Files\Game\Match</Filter>
    </ClInclude>
    <ClInclude Include="Game\Match\MatchFinder.h">
      <Filter>Header Files\Game\Match</Filter>
    </ClInclude>
    <ClInclude Include="Engine\Tools\Timer.h">
      <Filter>Header Files\Engine\Tools</Filter>
    </ClInclude>
    <ClInclude Include="Game\Objects\MatchGridBackGround.h">
      <Filter>Header Files\Game\Objects</Filter>
    </ClInclude>
    <ClInclude Include="Engine\Graphics\AnimatedSprite.h">
      <Filter>Header Files\Engine\Graphics</Filter>
    </ClInclude>
    <ClInclude Include="Game\Objects\MatchHint.h">
      <Filter>Header Files\Game\Objects</Filter>
    </ClInclude>
    <ClInclude Include="Game\Effects\ObjectShaker.h">
      <Filter>Header Files\Game\Effects</Filter>
    </ClInclude>
    <ClInclude Include="Tools\Easing.h">
      <Filter>Header Files\Tools</Filter>
    </ClInclude>
  </ItemGroup>
  <ItemGroup>
    <None Include="Assets\Grids\circle_grid">
      <Filter>Resource Files\Grids</Filter>
    </None>
    <None Include="Assets\Grids\small_grid">
      <Filter>Resource Files\Grids</Filter>
    </None>
    <None Include="Assets\Particles\Elements\Dark_particle">
      <Filter>Resource Files\Particles\Elements</Filter>
    </None>
    <None Include="Assets\Particles\Elements\Earth_particle">
      <Filter>Resource Files\Particles\Elements</Filter>
    </None>
    <None Include="Assets\Particles\Elements\Fire_particle">
      <Filter>Resource Files\Particles\Elements</Filter>
    </None>
    <None Include="Assets\Particles\Elements\Light_particle">
      <Filter>Resource Files\Particles\Elements</Filter>
    </None>
    <None Include="Assets\Particles\Elements\Metal_particle">
      <Filter>Resource Files\Particles\Elements</Filter>
    </None>
    <None Include="Assets\Particles\Elements\Nature_particle">
      <Filter>Resource Files\Particles\Elements</Filter>
    </None>
    <None Include="Assets\Particles\Elements\Water_particle">
      <Filter>Resource Files\Particles\Elements</Filter>
    </None>
    <None Include="Assets\Particles\Elements_particle">
      <Filter>Resource Files\Particles</Filter>
    </None>
    <None Include="Assets\Grids\big_grid">
      <Filter>Resource Files\Grids</Filter>
    </None>
  </ItemGroup>
</Project>